
Microsoft Visual Studio Solution File, Format Version 12.00
Project("{FAE04EC0-301F-11D3-BF4B-00C04F79EFBC}") = "Adapter_Example", "Adapter_Example\Adapter_Example.csproj", "{9033B396-710E-417B-9928-C717E8D23684}"
EndProject
Global
	GlobalSection(SolutionConfigurationPlatforms) = preSolution
		Debug|Any CPU = Debug|Any CPU
		Release|Any CPU = Release|Any CPU
	EndGlobalSection
	GlobalSection(ProjectConfigurationPlatforms) = postSolution
		{9033B396-710E-417B-9928-C717E8D23684}.Debug|Any CPU.ActiveCfg = Debug|Any CPU
		{9033B396-710E-417B-9928-C717E8D23684}.Debug|Any CPU.Build.0 = Debug|Any CPU
		{9033B396-710E-417B-9928-C717E8D23684}.Release|Any CPU.ActiveCfg = Release|Any CPU
		{9033B396-710E-417B-9928-C717E8D23684}.Release|Any CPU.Build.0 = Release|Any CPU
	EndGlobalSection
EndGlobal
